version: 1.0
shards:
  admiral:
    github: jwaldrip/admiral.cr
    version: 1.9.0

  ameba:
    github: veelenga/ameba
    version: 0.11.0

  crecto:
    github: Crecto/crecto
    version: 0.11.2

  crest:
    github: mamantoha/crest
    version: 0.22.0

  db:
    github: crystal-lang/crystal-db
    version: 0.7.0

  fuzzy_match:
    github: acoustep/fuzzy_match.cr
    commit: fe9eed429118adc8f0f9f6c91de4f11cdca5840e

  http-client-digest_auth:
    github: mamantoha/http-client-digest_auth
    version: 0.3.0

  ncurses:
    github: JohnDowson/ncurses
    commit: d0e46f673b6a443255269ce610d598a0fdc7d159

  sqlite3:
    github: crystal-lang/crystal-sqlite3
    version: 0.14.0

  toml:
    github: crystal-community/toml.cr
    commit: d02de85eed68a70dc97ab6d6e52831a4d0e890fe

